
Microsoft Visual Studio Solution File, Format Version 12.00
# Visual Studio Version 17
VisualStudioVersion = 17.14.36408.4 d17.14
MinimumVisualStudioVersion = 10.0.40219.1
Project("{FAE04EC0-301F-11D3-BF4B-00C04F79EFBC}") = "ProductionCar", "ProductionCar\ProductionCar.csproj", "{8F92FBB8-926E-44F7-B181-3981D6400B9B}"
EndProject
Global
	GlobalSection(SolutionConfigurationPlatforms) = preSolution
		Debug|Any CPU = Debug|Any CPU
		Release|Any CPU = Release|Any CPU
	EndGlobalSection
	GlobalSection(ProjectConfigurationPlatforms) = postSolution
		{8F92FBB8-926E-44F7-B181-3981D6400B9B}.Debug|Any CPU.ActiveCfg = Debug|Any CPU
		{8F92FBB8-926E-44F7-B181-3981D6400B9B}.Debug|Any CPU.Build.0 = Debug|Any CPU
		{8F92FBB8-926E-44F7-B181-3981D6400B9B}.Release|Any CPU.ActiveCfg = Release|Any CPU
		{8F92FBB8-926E-44F7-B181-3981D6400B9B}.Release|Any CPU.Build.0 = Release|Any CPU
	EndGlobalSection
	GlobalSection(SolutionProperties) = preSolution
		HideSolutionNode = FALSE
	EndGlobalSection
	GlobalSection(ExtensibilityGlobals) = postSolution
		SolutionGuid = {75D0A9B0-FD45-442A-9CF5-545489A0D1FD}
	EndGlobalSection
EndGlobal
